
Microsoft Visual Studio Solution File, Format Version 12.00
# Visual Studio Version 16
VisualStudioVersion = 16.0.31727.386
MinimumVisualStudioVersion = 10.0.40219.1
Project("{9A19103F-16F7-4668-BE54-9A1E7A4F7556}") = "OQM10P_HFT_2021221.Client", "OQM10P_HFT_2021221.Client\OQM10P_HFT_2021221.Client.csproj", "{6E7B9923-5F8D-43BB-94D1-41BFB7DBA0E4}"
EndProject
Project("{9A19103F-16F7-4668-BE54-9A1E7A4F7556}") = "OQM10P_HFT_2021221.Models", "OQM10P_HFT_2021221.Models\OQM10P_HFT_2021221.Models.csproj", "{19B522CA-C348-4E46-9AEA-7D42663E78DB}"
EndProject
Project("{9A19103F-16F7-4668-BE54-9A1E7A4F7556}") = "OQM10P_HFT_2021221.Data", "OQM10P_HFT_2021221.Data\OQM10P_HFT_2021221.Data.csproj", "{62719B02-769E-488D-BCB1-B456DCFE30D8}"
EndProject
Project("{9A19103F-16F7-4668-BE54-9A1E7A4F7556}") = "OQM10P_HFT_2021221.Logic", "OQM10P_HFT_2021221.Logic\OQM10P_HFT_2021221.Logic.csproj", "{35E3892A-8CFA-418E-8E82-4D634C70A43B}"
EndProject
Project("{9A19103F-16F7-4668-BE54-9A1E7A4F7556}") = "OQM10P_HFT_2021221.Repository", "OQM10P_HFT_2021221.Repository\OQM10P_HFT_2021221.Repository.csproj", "{E367A3CE-8ED2-4185-B19C-F432EA43FDE0}"
EndProject
Project("{2150E333-8FDC-42A3-9474-1A3956D46DE8}") = "Backend", "Backend", "{5843F7F8-6C16-4917-821B-916DD59E9F5B}"
EndProject
Project("{2150E333-8FDC-42A3-9474-1A3956D46DE8}") = "Frontend", "Frontend", "{6B741B2D-E55B-4464-8E46-88D872B81DC8}"
EndProject
Project("{2150E333-8FDC-42A3-9474-1A3956D46DE8}") = "Shared", "Shared", "{BCC63451-A75D-4B3E-950B-0491B6689D5C}"
EndProject
Project("{9A19103F-16F7-4668-BE54-9A1E7A4F7556}") = "OQM10P_HFT_2021221.Endpoint", "OQM10P_HFT_2021221.Endpoint\OQM10P_HFT_2021221.Endpoint.csproj", "{3EEE8242-D474-4CA4-B431-8CC0FE2B99D2}"
EndProject
Project("{9A19103F-16F7-4668-BE54-9A1E7A4F7556}") = "OQM10P_HFT_2021221.Validation", "OQM10P_HFT_2021221.Validation\OQM10P_HFT_2021221.Validation.csproj", "{AD147F00-17DE-4295-85EE-70D3D0421D9C}"
EndProject
Project("{FAE04EC0-301F-11D3-BF4B-00C04F79EFBC}") = "OQM10P_HFT_2021221.Test", "OQM10P_HFT_2021221.Test\OQM10P_HFT_2021221.Test.csproj", "{A8A3492C-0DA4-4506-AD40-BF3D7D981C2D}"
EndProject
Global
	GlobalSection(SolutionConfigurationPlatforms) = preSolution
		Debug|Any CPU = Debug|Any CPU
		Release|Any CPU = Release|Any CPU
	EndGlobalSection
	GlobalSection(ProjectConfigurationPlatforms) = postSolution
		{6E7B9923-5F8D-43BB-94D1-41BFB7DBA0E4}.Debug|Any CPU.ActiveCfg = Debug|Any CPU
		{6E7B9923-5F8D-43BB-94D1-41BFB7DBA0E4}.Debug|Any CPU.Build.0 = Debug|Any CPU
		{6E7B9923-5F8D-43BB-94D1-41BFB7DBA0E4}.Release|Any CPU.ActiveCfg = Release|Any CPU
		{6E7B9923-5F8D-43BB-94D1-41BFB7DBA0E4}.Release|Any CPU.Build.0 = Release|Any CPU
		{19B522CA-C348-4E46-9AEA-7D42663E78DB}.Debug|Any CPU.ActiveCfg = Debug|Any CPU
		{19B522CA-C348-4E46-9AEA-7D42663E78DB}.Debug|Any CPU.Build.0 = Debug|Any CPU
		{19B522CA-C348-4E46-9AEA-7D42663E78DB}.Release|Any CPU.ActiveCfg = Release|Any CPU
		{19B522CA-C348-4E46-9AEA-7D42663E78DB}.Release|Any CPU.Build.0 = Release|Any CPU
		{62719B02-769E-488D-BCB1-B456DCFE30D8}.Debug|Any CPU.ActiveCfg = Debug|Any CPU
		{62719B02-769E-488D-BCB1-B456DCFE30D8}.Debug|Any CPU.Build.0 = Debug|Any CPU
		{62719B02-769E-488D-BCB1-B456DCFE30D8}.Release|Any CPU.ActiveCfg = Release|Any CPU
		{62719B02-769E-488D-BCB1-B456DCFE30D8}.Release|Any CPU.Build.0 = Release|Any CPU
		{35E3892A-8CFA-418E-8E82-4D634C70A43B}.Debug|Any CPU.ActiveCfg = Debug|Any CPU
		{35E3892A-8CFA-418E-8E82-4D634C70A43B}.Debug|Any CPU.Build.0 = Debug|Any CPU
		{35E3892A-8CFA-418E-8E82-4D634C70A43B}.Release|Any CPU.ActiveCfg = Release|Any CPU
		{35E3892A-8CFA-418E-8E82-4D634C70A43B}.Release|Any CPU.Build.0 = Release|Any CPU
		{E367A3CE-8ED2-4185-B19C-F432EA43FDE0}.Debug|Any CPU.ActiveCfg = Debug|Any CPU
		{E367A3CE-8ED2-4185-B19C-F432EA43FDE0}.Debug|Any CPU.Build.0 = Debug|Any CPU
		{E367A3CE-8ED2-4185-B19C-F432EA43FDE0}.Release|Any CPU.ActiveCfg = Release|Any CPU
		{E367A3CE-8ED2-4185-B19C-F432EA43FDE0}.Release|Any CPU.Build.0 = Release|Any CPU
		{3EEE8242-D474-4CA4-B431-8CC0FE2B99D2}.Debug|Any CPU.ActiveCfg = Debug|Any CPU
		{3EEE8242-D474-4CA4-B431-8CC0FE2B99D2}.Debug|Any CPU.Build.0 = Debug|Any CPU
		{3EEE8242-D474-4CA4-B431-8CC0FE2B99D2}.Release|Any CPU.ActiveCfg = Release|Any CPU
		{3EEE8242-D474-4CA4-B431-8CC0FE2B99D2}.Release|Any CPU.Build.0 = Release|Any CPU
		{AD147F00-17DE-4295-85EE-70D3D0421D9C}.Debug|Any CPU.ActiveCfg = Debug|Any CPU
		{AD147F00-17DE-4295-85EE-70D3D0421D9C}.Debug|Any CPU.Build.0 = Debug|Any CPU
		{AD147F00-17DE-4295-85EE-70D3D0421D9C}.Release|Any CPU.ActiveCfg = Release|Any CPU
		{AD147F00-17DE-4295-85EE-70D3D0421D9C}.Release|Any CPU.Build.0 = Release|Any CPU
		{A8A3492C-0DA4-4506-AD40-BF3D7D981C2D}.Debug|Any CPU.ActiveCfg = Debug|Any CPU
		{A8A3492C-0DA4-4506-AD40-BF3D7D981C2D}.Debug|Any CPU.Build.0 = Debug|Any CPU
		{A8A3492C-0DA4-4506-AD40-BF3D7D981C2D}.Release|Any CPU.ActiveCfg = Release|Any CPU
		{A8A3492C-0DA4-4506-AD40-BF3D7D981C2D}.Release|Any CPU.Build.0 = Release|Any CPU
	EndGlobalSection
	GlobalSection(SolutionProperties) = preSolution
		HideSolutionNode = FALSE
	EndGlobalSection
	GlobalSection(NestedProjects) = preSolution
		{6E7B9923-5F8D-43BB-94D1-41BFB7DBA0E4} = {6B741B2D-E55B-4464-8E46-88D872B81DC8}
		{19B522CA-C348-4E46-9AEA-7D42663E78DB} = {BCC63451-A75D-4B3E-950B-0491B6689D5C}
		{62719B02-769E-488D-BCB1-B456DCFE30D8} = {5843F7F8-6C16-4917-821B-916DD59E9F5B}
		{35E3892A-8CFA-418E-8E82-4D634C70A43B} = {5843F7F8-6C16-4917-821B-916DD59E9F5B}
		{E367A3CE-8ED2-4185-B19C-F432EA43FDE0} = {5843F7F8-6C16-4917-821B-916DD59E9F5B}
		{3EEE8242-D474-4CA4-B431-8CC0FE2B99D2} = {5843F7F8-6C16-4917-821B-916DD59E9F5B}
		{AD147F00-17DE-4295-85EE-70D3D0421D9C} = {5843F7F8-6C16-4917-821B-916DD59E9F5B}
		{A8A3492C-0DA4-4506-AD40-BF3D7D981C2D} = {5843F7F8-6C16-4917-821B-916DD59E9F5B}
	EndGlobalSection
	GlobalSection(ExtensibilityGlobals) = postSolution
		SolutionGuid = {C4B359DA-53E2-4C78-8FBB-45988F1743EC}
	EndGlobalSection
EndGlobal
